
Microsoft Visual Studio Solution File, Format Version 12.00
# Visual Studio Version 17
VisualStudioVersion = 17.5.002.0
MinimumVisualStudioVersion = 10.0.40219.1
Project("{9A19103F-16F7-4668-BE54-9A1E7A4F7556}") = "CitySimulator", "CitySimulator\CitySimulator.csproj", "{CEE84C1A-81D3-4BC1-AB7C-838EB54A24FC}"
EndProject
Global
	GlobalSection(SolutionConfigurationPlatforms) = preSolution
		Debug|Any CPU = Debug|Any CPU
		Release|Any CPU = Release|Any CPU
	EndGlobalSection
	GlobalSection(ProjectConfigurationPlatforms) = postSolution
		{CEE84C1A-81D3-4BC1-AB7C-838EB54A24FC}.Debug|Any CPU.ActiveCfg = Debug|Any CPU
		{CEE84C1A-81D3-4BC1-AB7C-838EB54A24FC}.Debug|Any CPU.Build.0 = Debug|Any CPU
		{CEE84C1A-81D3-4BC1-AB7C-838EB54A24FC}.Release|Any CPU.ActiveCfg = Release|Any CPU
		{CEE84C1A-81D3-4BC1-AB7C-838EB54A24FC}.Release|Any CPU.Build.0 = Release|Any CPU
	EndGlobalSection
	GlobalSection(SolutionProperties) = preSolution
		HideSolutionNode = FALSE
	EndGlobalSection
	GlobalSection(ExtensibilityGlobals) = postSolution
		SolutionGuid = {C6CEDE36-3EEC-412F-A5AD-1351C29ACBFB}
	EndGlobalSection
EndGlobal
